# This file is autogenerated, do not edit; changes may be undone by the next 'dep ensure'.


[[projects]]
  digest = "1:573fa46f8d413d4bc3f7cc5e86b2c43cb21559f4fb0a19d9874d228e28fdc07c"
  name = "github.com/PuerkitoBio/goquery"
  packages = ["."]
  pruneopts = "UT"
  revision = "2d2796f41742ece03e8086188fa4db16a3a0b458"
  version = "v1.5.0"

[[projects]]
  digest = "1:66b3310cf22cdc96c35ef84ede4f7b9b370971c4025f394c89a2638729653b11"
  name = "github.com/andybalholm/cascadia"
  packages = ["."]
  pruneopts = "UT"
  revision = "901648c87902174f774fac311d7f176f8647bdaa"
  version = "v1.0.0"

[[projects]]
  digest = "1:ec6f9bf5e274c833c911923c9193867f3f18788c461f76f05f62bb1510e0ae65"
  name = "github.com/go-sql-driver/mysql"
  packages = ["."]
  pruneopts = "UT"
  revision = "72cd26f257d44c1114970e19afddcd812016007e"
  version = "v1.4.1"

[[projects]]
  digest = "1:b57c6ad9966352b7e7ef815de0c2a33188d433e94ea48cabf2f76f5151f8b3e1"
  name = "github.com/headzoo/surf"
  packages = [
    "agent",
    "browser",
    "errors",
    "jar",
    "util",
  ]
  pruneopts = "UT"
  revision = "60198774ccce43e1d26c80e961497b7d262460b3"
  version = "v1.0.0"

[[projects]]
  digest = "1:ecd9aa82687cf31d1585d4ac61d0ba180e42e8a6182b85bd785fcca8dfeefc1b"
  name = "github.com/joho/godotenv"
  packages = ["."]
  pruneopts = "UT"
  revision = "23d116af351c84513e1946b527c88823e476be13"
  version = "v1.3.0"

[[projects]]
  branch = "master"
  digest = "1:a50f92e640f4ecf13a76e02b07eed38b6c07a4a006177f5558d7dbfd37fbfbf7"
  name = "github.com/txgruppi/werr"
  packages = ["."]
  pruneopts = "UT"
  revision = "5a1027ff30f94c5cfbcf6b955e98a8266d3379f4"

[[projects]]
  branch = "master"
  digest = "1:81e1a7dd1ab100e3ac0ad948e844959a0ebb225ad22849ccfa028503da17caed"
  name = "golang.org/x/net"
  packages = [
    "html",
    "html/atom",
  ]
  pruneopts = "UT"
  revision = "eb5bcb51f2a31c7d5141d810b70815c05d9c9146"

[[projects]]
  digest = "1:c25289f43ac4a68d88b02245742347c94f1e108c534dda442188015ff80669b3"
  name = "google.golang.org/appengine"
  packages = ["cloudsql"]
  pruneopts = "UT"
  revision = "54a98f90d1c46b7731eb8fb305d2a321c30ef610"
  version = "v1.5.0"

[[projects]]
  digest = "1:18ea5f27fab5210969a334e233c7d1b0fac65bc3cd57cd96e273063c39f38fdf"
  name = "gopkg.in/headzoo/surf.v1"
  packages = ["."]
  pruneopts = "UT"
  revision = "60198774ccce43e1d26c80e961497b7d262460b3"
  version = "v1.0.0"

[solve-meta]
  analyzer-name = "dep"
  analyzer-version = 1
  input-imports = [
    "github.com/PuerkitoBio/goquery",
    "github.com/go-sql-driver/mysql",
    "github.com/headzoo/surf/browser",
    "github.com/joho/godotenv",
    "github.com/txgruppi/werr",
    "gopkg.in/headzoo/surf.v1",
  ]
  solver-name = "gps-cdcl"
  solver-version = 1
